
Microsoft Visual Studio Solution File, Format Version 12.00
# Visual Studio 15
VisualStudioVersion = 15.0.28307.539
MinimumVisualStudioVersion = 10.0.40219.1
Project("{888888A0-9F3D-457C-B088-3A5042F75D52}") = "Bicycling_Survey", "Bicycling_Survey\Bicycling_Survey.pyproj", "{BE352ED0-5472-4660-8C93-020DF5E59C04}"
EndProject
Global
	GlobalSection(SolutionConfigurationPlatforms) = preSolution
		Debug|Any CPU = Debug|Any CPU
		Release|Any CPU = Release|Any CPU
	EndGlobalSection
	GlobalSection(ProjectConfigurationPlatforms) = postSolution
		{BE352ED0-5472-4660-8C93-020DF5E59C04}.Debug|Any CPU.ActiveCfg = Debug|Any CPU
		{BE352ED0-5472-4660-8C93-020DF5E59C04}.Debug|Any CPU.Build.0 = Debug|Any CPU
		{BE352ED0-5472-4660-8C93-020DF5E59C04}.Release|Any CPU.ActiveCfg = Release|Any CPU
		{BE352ED0-5472-4660-8C93-020DF5E59C04}.Release|Any CPU.Build.0 = Release|Any CPU
	EndGlobalSection
	GlobalSection(SolutionProperties) = preSolution
		HideSolutionNode = FALSE
	EndGlobalSection
	GlobalSection(ExtensibilityGlobals) = postSolution
		SolutionGuid = {4D51CF39-A834-4DD7-884D-E5B6C17FD721}
	EndGlobalSection
EndGlobal
